{
  "name": "tools",
  "version": "1.0.0",
  "lockfileVersion": 3,
  "requires": true,
  "packages": {
    "": {
      "name": "tools",
      "version": "1.0.0",
      "license": "ISC",
      "dependencies": {
        "jpeg-js": "^0.4.4",
        "meshoptimizer": "^0.21.0",
        "pngjs": "^7.0.0",
        "three": "^0.158.0"
      }
    },
    "node_modules/jpeg-js": {
      "version": "0.4.4",
      "resolved": "https://registry.npmjs.org/jpeg-js/-/jpeg-js-0.4.4.tgz",
      "integrity": "sha512-WZzeDOEtTOBK4Mdsar0IqEU5sMr3vSV2RqkAIzUEV2BHnUfKGyswWFPFwK5EeDo93K3FohSHbLAjj0s1Wzd+dg==",
      "license": "BSD-3-Clause"
    },
    "node_modules/meshoptimizer": {
      "version": "0.21.0",
      "resolved": "https://registry.npmjs.org/meshoptimizer/-/meshoptimizer-0.21.0.tgz",
      "integrity": "sha512-WabtlpnK/GgD0GMwYd1fBTfYHf4MIcQPEg6dt7y4GuDcY51RzLSkSNE8ZogD7U3Vs2/fIf4z89TOLpA80EOnhg==",
      "license": "MIT"
    },
    "node_modules/pngjs": {
      "version": "7.0.0",
      "resolved": "https://registry.npmjs.org/pngjs/-/pngjs-7.0.0.tgz",
      "integrity": "sha512-LKWqWJRhstyYo9pGvgor/ivk2w94eSjE3RGVuzLGlr3NmD8bf7RcYGze1mNdEHRP6TRP6rMuDHk5t44hnTRyow==",
      "license": "MIT",
      "engines": {
        "node": ">=14.19.0"
      }
    },
    "node_modules/three": {
      "version": "0.158.0",
      "resolved": "https://registry.npmjs.org/three/-/three-0.158.0.tgz",
      "integrity": "sha512-TALj4EOpdDPF1henk2Q+s17K61uEAAWQ7TJB68nr7FKxqwyDr3msOt5IWdbGm4TaWKjrtWS8DJJWe9JnvsWOhQ==",
      "license": "MIT"
    }
  }
}
